<?xml version="1.0" encoding="utf-8"?>
<Project ToolsVersion="4.0" xmlns="http://schemas.microsoft.com/developer/msbuild/2003">
  <ItemGroup>
    <Filter Include="Source Files">
      <UniqueIdentifier>{4FC737F1-C7A5-4376-A066-2A32D752A2FF}</UniqueIdentifier>
      <Extensions>cpp;c;cxx;def;odl;idl;hpj;bat;asm;asmx</Extensions>
    </Filter>
    <Filter Include="Header Files">
      <UniqueIdentifier>{93995380-89BD-4b04-88EB-625FBE52EBFB}</UniqueIdentifier>
      <Extensions>h;hpp;hxx;hm;inl;inc;xsd</Extensions>
    </Filter>
    <Filter Include="Generated Files">
      <UniqueIdentifier>{71ED8ED8-ACB9-4CE9-BBE1-E00B30144E11}</UniqueIdentifier>
      <Extensions>cpp;c;cxx;moc;h;def;odl;idl;res;</Extensions>
    </Filter>
    <Filter Include="Generated Files\Debug">
      <UniqueIdentifier>{b4df6339-bf4f-4377-a0f7-8f5ba1bd278b}</UniqueIdentifier>
      <Extensions>cpp;moc</Extensions>
      <SourceControlFiles>False</SourceControlFiles>
    </Filter>
    <Filter Include="Generated Files\Release">
      <UniqueIdentifier>{fd57d64c-fbb1-4265-a0ee-a9db9379a7af}</UniqueIdentifier>
      <Extensions>cpp;moc</Extensions>
      <SourceControlFiles>False</SourceControlFiles>
    </Filter>
    <Filter Include="Form Files">
      <UniqueIdentifier>{99349809-55BA-4b9d-BF79-8FDBB0286EB3}</UniqueIdentifier>
      <Extensions>ui</Extensions>
      <ParseFiles>false</ParseFiles>
    </Filter>
    <Filter Include="Resource Files">
      <UniqueIdentifier>{D9D6E242-F8AF-46E4-B9FD-80ECBC20BA3E}</UniqueIdentifier>
      <Extensions>qrc;*</Extensions>
      <ParseFiles>false</ParseFiles>
    </Filter>
    <Filter Include="Generated Files\Template">
      <UniqueIdentifier>{2d65123e-0f6e-4bac-bac0-f2f5efb8963c}</UniqueIdentifier>
      <Extensions>cpp;moc</Extensions>
      <SourceControlFiles>False</SourceControlFiles>
    </Filter>
  </ItemGroup>
  <ItemGroup>
    <ClCompile Include="GeneratedFiles\qrc_xcatalog.cpp">
      <Filter>Generated Files</Filter>
    </ClCompile>
    <ClCompile Include="abstractcatalogdataprovider.cpp">
      <Filter>Source Files</Filter>
    </ClCompile>
    <ClCompile Include="catalog.cpp">
      <Filter>Source Files</Filter>
    </ClCompile>
    <ClCompile Include="catalogwidget.cpp">
      <Filter>Source Files</Filter>
    </ClCompile>
    <ClCompile Include="filemodel.cpp">
      <Filter>Source Files</Filter>
    </ClCompile>
    <ClCompile Include="folder.cpp">
      <Filter>Source Files</Filter>
    </ClCompile>
    <ClCompile Include="foldermodel.cpp">
      <Filter>Source Files</Filter>
    </ClCompile>
    <ClCompile Include="GeneratedFiles\Debug\moc_abstractcatalogdataprovider.cpp">
      <Filter>Generated Files\Debug</Filter>
    </ClCompile>
    <ClCompile Include="GeneratedFiles\Release\moc_abstractcatalogdataprovider.cpp">
      <Filter>Generated Files\Release</Filter>
    </ClCompile>
    <ClCompile Include="GeneratedFiles\Template\moc_abstractcatalogdataprovider.cpp">
      <Filter>Generated Files\Template</Filter>
    </ClCompile>
    <ClCompile Include="GeneratedFiles\Debug\moc_catalog.cpp">
      <Filter>Generated Files\Debug</Filter>
    </ClCompile>
    <ClCompile Include="GeneratedFiles\Release\moc_catalog.cpp">
      <Filter>Generated Files\Release</Filter>
    </ClCompile>
    <ClCompile Include="GeneratedFiles\Template\moc_catalog.cpp">
      <Filter>Generated Files\Template</Filter>
    </ClCompile>
    <ClCompile Include="GeneratedFiles\Debug\moc_catalogwidget.cpp">
      <Filter>Generated Files\Debug</Filter>
    </ClCompile>
    <ClCompile Include="GeneratedFiles\Release\moc_catalogwidget.cpp">
      <Filter>Generated Files\Release</Filter>
    </ClCompile>
    <ClCompile Include="GeneratedFiles\Template\moc_catalogwidget.cpp">
      <Filter>Generated Files\Template</Filter>
    </ClCompile>
    <ClCompile Include="GeneratedFiles\Debug\moc_filemodel.cpp">
      <Filter>Generated Files\Debug</Filter>
    </ClCompile>
    <ClCompile Include="GeneratedFiles\Release\moc_filemodel.cpp">
      <Filter>Generated Files\Release</Filter>
    </ClCompile>
    <ClCompile Include="GeneratedFiles\Template\moc_filemodel.cpp">
      <Filter>Generated Files\Template</Filter>
    </ClCompile>
    <ClCompile Include="GeneratedFiles\Debug\moc_foldermodel.cpp">
      <Filter>Generated Files\Debug</Filter>
    </ClCompile>
    <ClCompile Include="GeneratedFiles\Release\moc_foldermodel.cpp">
      <Filter>Generated Files\Release</Filter>
    </ClCompile>
    <ClCompile Include="GeneratedFiles\Template\moc_foldermodel.cpp">
      <Filter>Generated Files\Template</Filter>
    </ClCompile>
    <ClCompile Include="tools.cpp">
      <Filter>Source Files</Filter>
    </ClCompile>
    <ClCompile Include="fileitemdelegate.cpp">
      <Filter>Source Files</Filter>
    </ClCompile>
    <ClCompile Include="GeneratedFiles\Debug\moc_fileitemdelegate.cpp">
      <Filter>Generated Files\Debug</Filter>
    </ClCompile>
    <ClCompile Include="GeneratedFiles\Release\moc_fileitemdelegate.cpp">
      <Filter>Generated Files\Release</Filter>
    </ClCompile>
    <ClCompile Include="GeneratedFiles\Template\moc_fileitemdelegate.cpp">
      <Filter>Generated Files\Template</Filter>
    </ClCompile>
    <ClCompile Include="3rdparty\lineedit\fancylineedit.cpp">
      <Filter>Source Files</Filter>
    </ClCompile>
    <ClCompile Include="3rdparty\lineedit\filterlineedit.cpp">
      <Filter>Source Files</Filter>
    </ClCompile>
    <ClCompile Include="GeneratedFiles\Debug\moc_fancylineedit.cpp">
      <Filter>Generated Files\Debug</Filter>
    </ClCompile>
    <ClCompile Include="GeneratedFiles\Release\moc_fancylineedit.cpp">
      <Filter>Generated Files\Release</Filter>
    </ClCompile>
    <ClCompile Include="GeneratedFiles\Template\moc_fancylineedit.cpp">
      <Filter>Generated Files\Template</Filter>
    </ClCompile>
    <ClCompile Include="GeneratedFiles\Debug\moc_filterlineedit.cpp">
      <Filter>Generated Files\Debug</Filter>
    </ClCompile>
    <ClCompile Include="GeneratedFiles\Release\moc_filterlineedit.cpp">
      <Filter>Generated Files\Release</Filter>
    </ClCompile>
    <ClCompile Include="GeneratedFiles\Template\moc_filterlineedit.cpp">
      <Filter>Generated Files\Template</Filter>
    </ClCompile>
    <ClCompile Include="3rdparty\sdtp\sdtp.cpp">
      <Filter>Source Files</Filter>
    </ClCompile>
    <ClCompile Include="sdtpcatalogdataprovider.cpp">
      <Filter>Source Files</Filter>
    </ClCompile>
    <ClCompile Include="GeneratedFiles\Debug\moc_sdtpcatalogdataprovider.cpp">
      <Filter>Generated Files\Debug</Filter>
    </ClCompile>
    <ClCompile Include="GeneratedFiles\Release\moc_sdtpcatalogdataprovider.cpp">
      <Filter>Generated Files\Release</Filter>
    </ClCompile>
    <ClCompile Include="GeneratedFiles\Template\moc_sdtpcatalogdataprovider.cpp">
      <Filter>Generated Files\Template</Filter>
    </ClCompile>
    <ClCompile Include="reportdialog.cpp">
      <Filter>Source Files</Filter>
    </ClCompile>
    <ClCompile Include="GeneratedFiles\Debug\moc_reportdialog.cpp">
      <Filter>Generated Files\Debug</Filter>
    </ClCompile>
    <ClCompile Include="GeneratedFiles\Release\moc_reportdialog.cpp">
      <Filter>Generated Files\Release</Filter>
    </ClCompile>
    <ClCompile Include="GeneratedFiles\Template\moc_reportdialog.cpp">
      <Filter>Generated Files\Template</Filter>
    </ClCompile>
    <ClCompile Include="loadhelper.cpp">
      <Filter>Source Files</Filter>
    </ClCompile>
  </ItemGroup>
  <ItemGroup>
    <CustomBuildStep Include="images\catalog.png">
      <Filter>Resource Files</Filter>
    </CustomBuildStep>
    <CustomBuildStep Include="resources\fileinfo.template">
      <Filter>Resource Files</Filter>
    </CustomBuildStep>
    <CustomBuildStep Include="images\folder.png">
      <Filter>Resource Files</Filter>
    </CustomBuildStep>
    <CustomBuildStep Include="images\search.png">
      <Filter>Resource Files</Filter>
    </CustomBuildStep>
  </ItemGroup>
  <ItemGroup>
    <CustomBuild Include="ui_catalogwidget.h">
      <Filter>Generated Files</Filter>
    </CustomBuild>
    <CustomBuild Include="catalogwidget.ui">
      <Filter>Form Files</Filter>
    </CustomBuild>
    <CustomBuild Include="xcatalog.qrc">
      <Filter>Resource Files</Filter>
    </CustomBuild>
    <CustomBuild Include="abstractcatalogdataprovider.h">
      <Filter>Header Files</Filter>
    </CustomBuild>
    <CustomBuild Include="catalog.h">
      <Filter>Header Files</Filter>
    </CustomBuild>
    <CustomBuild Include="catalogwidget.h">
      <Filter>Header Files</Filter>
    </CustomBuild>
    <CustomBuild Include="filemodel.h">
      <Filter>Header Files</Filter>
    </CustomBuild>
    <CustomBuild Include="foldermodel.h">
      <Filter>Header Files</Filter>
    </CustomBuild>
    <CustomBuild Include="fileitemdelegate.h">
      <Filter>Header Files</Filter>
    </CustomBuild>
    <CustomBuild Include="3rdparty\lineedit\fancylineedit.h">
      <Filter>Header Files</Filter>
    </CustomBuild>
    <CustomBuild Include="3rdparty\lineedit\filterlineedit.h">
      <Filter>Header Files</Filter>
    </CustomBuild>
    <CustomBuild Include="sdtpcatalogdataprovider.h">
      <Filter>Header Files</Filter>
    </CustomBuild>
    <CustomBuild Include="reportdialog.h">
      <Filter>Header Files</Filter>
    </CustomBuild>
    <CustomBuild Include="reportdialog.ui">
      <Filter>Form Files</Filter>
    </CustomBuild>
  </ItemGroup>
  <ItemGroup>
    <ClInclude Include="config.h">
      <Filter>Header Files</Filter>
    </ClInclude>
    <ClInclude Include="folder.h">
      <Filter>Header Files</Filter>
    </ClInclude>
    <ClInclude Include="3rdparty\translusent\qtwin.h">
      <Filter>Header Files</Filter>
    </ClInclude>
    <ClInclude Include="tools.h">
      <Filter>Header Files</Filter>
    </ClInclude>
    <ClInclude Include="ui_reportdialog.h">
      <Filter>Generated Files</Filter>
    </ClInclude>
    <ClInclude Include="loadhelper.h">
      <Filter>Header Files</Filter>
    </ClInclude>
  </ItemGroup>
  <ItemGroup>
    <None Include="images\puzzle.png">
      <Filter>Resource Files</Filter>
    </None>
  </ItemGroup>
  <ItemGroup>
    <ResourceCompile Include="xcatalogdll.rc">
      <Filter>Resource Files</Filter>
    </ResourceCompile>
  </ItemGroup>
</Project>